{
  "nodes": {
    "fanpaket": {
      "flake": false,
      "locked": {
        "narHash": "sha256-c9NFVjieay3vU8OeDw3GgAsXRvk8C+MTyvwdPQit+IE=",
        "type": "file",
        "url": "https://www.ulisses-spiele.de/assets/download/dasschwarze_auge_fanpaket.zip"
      },
      "original": {
        "type": "file",
        "url": "https://www.ulisses-spiele.de/assets/download/dasschwarze_auge_fanpaket.zip"
      }
    },
    "nix-filter": {
      "locked": {
        "lastModified": 1757882181,
        "narHash": "sha256-+cCxYIh2UNalTz364p+QYmWHs0P+6wDhiWR4jDIKQIU=",
        "owner": "numtide",
        "repo": "nix-filter",
        "rev": "59c44d1909c72441144b93cf0f054be7fe764de5",
        "type": "github"
      },
      "original": {
        "owner": "numtide",
        "repo": "nix-filter",
        "type": "github"
      }
    },
    "nixpkgs": {
      "locked": {
        "lastModified": 1778737229,
        "narHash": "sha256-6xWoytx8jFW4PF1GjRm/i/53trbpKGfz6zjzQGBr4cI=",
        "owner": "NixOS",
        "repo": "nixpkgs",
        "rev": "d7a713c0b7e47c908258e71cba7a2d77cc8d71d5",
        "type": "github"
      },
      "original": {
        "owner": "NixOS",
        "ref": "nixos-25.11",
        "repo": "nixpkgs",
        "type": "github"
      }
    },
    "root": {
      "inputs": {
        "fanpaket": "fanpaket",
        "nix-filter": "nix-filter",
        "nixpkgs": "nixpkgs",
        "utils": "utils",
        "wds-handouts": "wds-handouts"
      }
    },
    "systems": {
      "locked": {
        "lastModified": 1681028828,
        "narHash": "sha256-Vy1rq5AaRuLzOxct8nz4T6wlgyUR7zLU309k9mBC768=",
        "owner": "nix-systems",
        "repo": "default",
        "rev": "da67096a3b9bf56a91d16901293e51ba5b49a27e",
        "type": "github"
      },
      "original": {
        "owner": "nix-systems",
        "repo": "default",
        "type": "github"
      }
    },
    "utils": {
      "inputs": {
        "systems": "systems"
      },
      "locked": {
        "lastModified": 1731533236,
        "narHash": "sha256-l0KFg5HjrsfsO/JpG+r7fRrqm12kzFHyUHqHCVpMMbI=",
        "owner": "numtide",
        "repo": "flake-utils",
        "rev": "11707dc2f618dd54ca8739b309ec4fc024de578b",
        "type": "github"
      },
      "original": {
        "owner": "numtide",
        "repo": "flake-utils",
        "type": "github"
      }
    },
    "wds-handouts": {
      "flake": false,
      "locked": {
        "narHash": "sha256-nGj6We9aW10i/r0Zz4NSuq1MO0QuvfoFLDDIsO5rZ70=",
        "type": "file",
        "url": "https://ulisses-spiele.de/wp-content/uploads/2025/11/DSA4-Kampfprotokoll-und-Initiativeuebersicht.pdf"
      },
      "original": {
        "type": "file",
        "url": "https://ulisses-spiele.de/wp-content/uploads/2025/11/DSA4-Kampfprotokoll-und-Initiativeuebersicht.pdf"
      }
    }
  },
  "root": "root",
  "version": 7
}
