{
  "nodes": {
    "nix-filter": {
      "locked": {
        "lastModified": 1646733795,
        "narHash": "sha256-W9elpjb6b4lqDsw6GxmLEVKaD1/nJQuBy/ikT76cL5c=",
        "owner": "numtide",
        "repo": "nix-filter",
        "rev": "e4e8649a3b6f0d3c181955945a84e6918d3f832a",
        "type": "github"
      },
      "original": {
        "owner": "numtide",
        "repo": "nix-filter",
        "type": "github"
      }
    },
    "nixpkgs": {
      "locked": {
        "lastModified": 1647282937,
        "narHash": "sha256-K8Oo6QyFCfiEWTRpQVfzcwI3YNMKlz6Tu8rr+o3rzRQ=",
        "owner": "NixOS",
        "repo": "nixpkgs",
        "rev": "64fc73bd74f04d3e10cb4e70e1c65b92337e76db",
        "type": "github"
      },
      "original": {
        "owner": "NixOS",
        "ref": "nixos-21.11",
        "repo": "nixpkgs",
        "type": "github"
      }
    },
    "root": {
      "inputs": {
        "nix-filter": "nix-filter",
        "nixpkgs": "nixpkgs",
        "utils": "utils"
      }
    },
    "utils": {
      "locked": {
        "lastModified": 1644229661,
        "narHash": "sha256-1YdnJAsNy69bpcjuoKdOYQX0YxZBiCYZo4Twxerqv7k=",
        "owner": "numtide",
        "repo": "flake-utils",
        "rev": "3cecb5b042f7f209c56ffd8371b2711a290ec797",
        "type": "github"
      },
      "original": {
        "owner": "numtide",
        "repo": "flake-utils",
        "type": "github"
      }
    }
  },
  "root": "root",
  "version": 7
}
